
Microsoft Visual Studio Solution File, Format Version 12.00
# Visual Studio 15
Project("{FAE04EC0-301F-11D3-BF4B-00C04F79EFBC}") = "Assembly-CSharp", "Assembly-CSharp.csproj", "{B23B06B5-DAC0-1F21-F34F-D88074799A7B}"
EndProject
Project("{FAE04EC0-301F-11D3-BF4B-00C04F79EFBC}") = "Assembly-CSharp-firstpass", "Assembly-CSharp-firstpass.csproj", "{A56AF13A-5FD5-83FA-AB48-98D6CBFC9516}"
EndProject
Project("{FAE04EC0-301F-11D3-BF4B-00C04F79EFBC}") = "Assembly-CSharp-Editor", "Assembly-CSharp-Editor.csproj", "{E9648B16-71D4-7282-2E6B-85EAE658F54B}"
EndProject
Global
	GlobalSection(SolutionConfigurationPlatforms) = preSolution
		Debug|Any CPU = Debug|Any CPU
		Release|Any CPU = Release|Any CPU
	EndGlobalSection
	GlobalSection(ProjectConfigurationPlatforms) = postSolution
		{B23B06B5-DAC0-1F21-F34F-D88074799A7B}.Debug|Any CPU.ActiveCfg = Debug|Any CPU
		{B23B06B5-DAC0-1F21-F34F-D88074799A7B}.Debug|Any CPU.Build.0 = Debug|Any CPU
		{B23B06B5-DAC0-1F21-F34F-D88074799A7B}.Release|Any CPU.ActiveCfg = Release|Any CPU
		{B23B06B5-DAC0-1F21-F34F-D88074799A7B}.Release|Any CPU.Build.0 = Release|Any CPU
		{A56AF13A-5FD5-83FA-AB48-98D6CBFC9516}.Debug|Any CPU.ActiveCfg = Debug|Any CPU
		{A56AF13A-5FD5-83FA-AB48-98D6CBFC9516}.Debug|Any CPU.Build.0 = Debug|Any CPU
		{A56AF13A-5FD5-83FA-AB48-98D6CBFC9516}.Release|Any CPU.ActiveCfg = Release|Any CPU
		{A56AF13A-5FD5-83FA-AB48-98D6CBFC9516}.Release|Any CPU.Build.0 = Release|Any CPU
		{E9648B16-71D4-7282-2E6B-85EAE658F54B}.Debug|Any CPU.ActiveCfg = Debug|Any CPU
		{E9648B16-71D4-7282-2E6B-85EAE658F54B}.Debug|Any CPU.Build.0 = Debug|Any CPU
		{E9648B16-71D4-7282-2E6B-85EAE658F54B}.Release|Any CPU.ActiveCfg = Release|Any CPU
		{E9648B16-71D4-7282-2E6B-85EAE658F54B}.Release|Any CPU.Build.0 = Release|Any CPU
	EndGlobalSection
	GlobalSection(SolutionProperties) = preSolution
		HideSolutionNode = FALSE
	EndGlobalSection
EndGlobal
